
Microsoft Visual Studio Solution File, Format Version 12.00
# Visual Studio Version 17
Project("{8BC9CEB8-8B4A-11D0-8D11-00A0C91BC942}") = "ALL_BUILD", "ALL_BUILD.vcxproj", "{4D2D0BDF-262C-3FA2-8D34-47C2DFDAB57F}"
	ProjectSection(ProjectDependencies) = postProject
		{B2CB1833-D5F6-3932-BA0C-E164EFB17A6A} = {B2CB1833-D5F6-3932-BA0C-E164EFB17A6A}
		{CCF547AC-DDC0-39DA-BE2C-77FB35FC6737} = {CCF547AC-DDC0-39DA-BE2C-77FB35FC6737}
		{E17CDEE1-5BA2-3D92-AF17-A697664ECFE9} = {E17CDEE1-5BA2-3D92-AF17-A697664ECFE9}
		{8A3D554E-C7FD-302B-836F-B1822A443C58} = {8A3D554E-C7FD-302B-836F-B1822A443C58}
		{E07C1A50-9E30-3C86-A80D-D5E7454C57A3} = {E07C1A50-9E30-3C86-A80D-D5E7454C57A3}
	EndProjectSection
EndProject
Project("{8BC9CEB8-8B4A-11D0-8D11-00A0C91BC942}") = "INSTALL", "INSTALL.vcxproj", "{436E88BC-E094-3E34-A1E9-1E98C59DFB3C}"
	ProjectSection(ProjectDependencies) = postProject
		{4D2D0BDF-262C-3FA2-8D34-47C2DFDAB57F} = {4D2D0BDF-262C-3FA2-8D34-47C2DFDAB57F}
		{B2CB1833-D5F6-3932-BA0C-E164EFB17A6A} = {B2CB1833-D5F6-3932-BA0C-E164EFB17A6A}
	EndProjectSection
EndProject
Project("{8BC9CEB8-8B4A-11D0-8D11-00A0C91BC942}") = "ZERO_CHECK", "ZERO_CHECK.vcxproj", "{B2CB1833-D5F6-3932-BA0C-E164EFB17A6A}"
	ProjectSection(ProjectDependencies) = postProject
	EndProjectSection
EndProject
Project("{8BC9CEB8-8B4A-11D0-8D11-00A0C91BC942}") = "gateway", "gateway.vcxproj", "{CCF547AC-DDC0-39DA-BE2C-77FB35FC6737}"
	ProjectSection(ProjectDependencies) = postProject
		{B2CB1833-D5F6-3932-BA0C-E164EFB17A6A} = {B2CB1833-D5F6-3932-BA0C-E164EFB17A6A}
		{E17CDEE1-5BA2-3D92-AF17-A697664ECFE9} = {E17CDEE1-5BA2-3D92-AF17-A697664ECFE9}
		{E07C1A50-9E30-3C86-A80D-D5E7454C57A3} = {E07C1A50-9E30-3C86-A80D-D5E7454C57A3}
	EndProjectSection
EndProject
Project("{8BC9CEB8-8B4A-11D0-8D11-00A0C91BC942}") = "mexclass", "libmexclass\mexclass.vcxproj", "{E17CDEE1-5BA2-3D92-AF17-A697664ECFE9}"
	ProjectSection(ProjectDependencies) = postProject
		{B2CB1833-D5F6-3932-BA0C-E164EFB17A6A} = {B2CB1833-D5F6-3932-BA0C-E164EFB17A6A}
	EndProjectSection
EndProject
Project("{8BC9CEB8-8B4A-11D0-8D11-00A0C91BC942}") = "mexclassmatlab", "libmexclass\mexclassmatlab.vcxproj", "{3076C41C-9D43-3101-9E5E-AB0B732CDDBD}"
	ProjectSection(ProjectDependencies) = postProject
		{B2CB1833-D5F6-3932-BA0C-E164EFB17A6A} = {B2CB1833-D5F6-3932-BA0C-E164EFB17A6A}
	EndProjectSection
EndProject
Project("{8BC9CEB8-8B4A-11D0-8D11-00A0C91BC942}") = "signals_core", "signals_core.vcxproj", "{8A3D554E-C7FD-302B-836F-B1822A443C58}"
	ProjectSection(ProjectDependencies) = postProject
		{B2CB1833-D5F6-3932-BA0C-E164EFB17A6A} = {B2CB1833-D5F6-3932-BA0C-E164EFB17A6A}
	EndProjectSection
EndProject
Project("{8BC9CEB8-8B4A-11D0-8D11-00A0C91BC942}") = "signalsproxy", "signalsproxy.vcxproj", "{E07C1A50-9E30-3C86-A80D-D5E7454C57A3}"
	ProjectSection(ProjectDependencies) = postProject
		{B2CB1833-D5F6-3932-BA0C-E164EFB17A6A} = {B2CB1833-D5F6-3932-BA0C-E164EFB17A6A}
		{E17CDEE1-5BA2-3D92-AF17-A697664ECFE9} = {E17CDEE1-5BA2-3D92-AF17-A697664ECFE9}
		{8A3D554E-C7FD-302B-836F-B1822A443C58} = {8A3D554E-C7FD-302B-836F-B1822A443C58}
	EndProjectSection
EndProject
Global
	GlobalSection(SolutionConfigurationPlatforms) = preSolution
		Debug|x64 = Debug|x64
		Release|x64 = Release|x64
		MinSizeRel|x64 = MinSizeRel|x64
		RelWithDebInfo|x64 = RelWithDebInfo|x64
	EndGlobalSection
	GlobalSection(ProjectConfigurationPlatforms) = postSolution
		{4D2D0BDF-262C-3FA2-8D34-47C2DFDAB57F}.Debug|x64.ActiveCfg = Debug|x64
		{4D2D0BDF-262C-3FA2-8D34-47C2DFDAB57F}.Debug|x64.Build.0 = Debug|x64
		{4D2D0BDF-262C-3FA2-8D34-47C2DFDAB57F}.Release|x64.ActiveCfg = Release|x64
		{4D2D0BDF-262C-3FA2-8D34-47C2DFDAB57F}.Release|x64.Build.0 = Release|x64
		{4D2D0BDF-262C-3FA2-8D34-47C2DFDAB57F}.MinSizeRel|x64.ActiveCfg = MinSizeRel|x64
		{4D2D0BDF-262C-3FA2-8D34-47C2DFDAB57F}.MinSizeRel|x64.Build.0 = MinSizeRel|x64
		{4D2D0BDF-262C-3FA2-8D34-47C2DFDAB57F}.RelWithDebInfo|x64.ActiveCfg = RelWithDebInfo|x64
		{4D2D0BDF-262C-3FA2-8D34-47C2DFDAB57F}.RelWithDebInfo|x64.Build.0 = RelWithDebInfo|x64
		{436E88BC-E094-3E34-A1E9-1E98C59DFB3C}.Debug|x64.ActiveCfg = Debug|x64
		{436E88BC-E094-3E34-A1E9-1E98C59DFB3C}.Release|x64.ActiveCfg = Release|x64
		{436E88BC-E094-3E34-A1E9-1E98C59DFB3C}.MinSizeRel|x64.ActiveCfg = MinSizeRel|x64
		{436E88BC-E094-3E34-A1E9-1E98C59DFB3C}.RelWithDebInfo|x64.ActiveCfg = RelWithDebInfo|x64
		{B2CB1833-D5F6-3932-BA0C-E164EFB17A6A}.Debug|x64.ActiveCfg = Debug|x64
		{B2CB1833-D5F6-3932-BA0C-E164EFB17A6A}.Debug|x64.Build.0 = Debug|x64
		{B2CB1833-D5F6-3932-BA0C-E164EFB17A6A}.Release|x64.ActiveCfg = Release|x64
		{B2CB1833-D5F6-3932-BA0C-E164EFB17A6A}.Release|x64.Build.0 = Release|x64
		{B2CB1833-D5F6-3932-BA0C-E164EFB17A6A}.MinSizeRel|x64.ActiveCfg = MinSizeRel|x64
		{B2CB1833-D5F6-3932-BA0C-E164EFB17A6A}.MinSizeRel|x64.Build.0 = MinSizeRel|x64
		{B2CB1833-D5F6-3932-BA0C-E164EFB17A6A}.RelWithDebInfo|x64.ActiveCfg = RelWithDebInfo|x64
		{B2CB1833-D5F6-3932-BA0C-E164EFB17A6A}.RelWithDebInfo|x64.Build.0 = RelWithDebInfo|x64
		{CCF547AC-DDC0-39DA-BE2C-77FB35FC6737}.Debug|x64.ActiveCfg = Debug|x64
		{CCF547AC-DDC0-39DA-BE2C-77FB35FC6737}.Debug|x64.Build.0 = Debug|x64
		{CCF547AC-DDC0-39DA-BE2C-77FB35FC6737}.Release|x64.ActiveCfg = Release|x64
		{CCF547AC-DDC0-39DA-BE2C-77FB35FC6737}.Release|x64.Build.0 = Release|x64
		{CCF547AC-DDC0-39DA-BE2C-77FB35FC6737}.MinSizeRel|x64.ActiveCfg = MinSizeRel|x64
		{CCF547AC-DDC0-39DA-BE2C-77FB35FC6737}.MinSizeRel|x64.Build.0 = MinSizeRel|x64
		{CCF547AC-DDC0-39DA-BE2C-77FB35FC6737}.RelWithDebInfo|x64.ActiveCfg = RelWithDebInfo|x64
		{CCF547AC-DDC0-39DA-BE2C-77FB35FC6737}.RelWithDebInfo|x64.Build.0 = RelWithDebInfo|x64
		{E17CDEE1-5BA2-3D92-AF17-A697664ECFE9}.Debug|x64.ActiveCfg = Debug|x64
		{E17CDEE1-5BA2-3D92-AF17-A697664ECFE9}.Debug|x64.Build.0 = Debug|x64
		{E17CDEE1-5BA2-3D92-AF17-A697664ECFE9}.Release|x64.ActiveCfg = Release|x64
		{E17CDEE1-5BA2-3D92-AF17-A697664ECFE9}.Release|x64.Build.0 = Release|x64
		{E17CDEE1-5BA2-3D92-AF17-A697664ECFE9}.MinSizeRel|x64.ActiveCfg = MinSizeRel|x64
		{E17CDEE1-5BA2-3D92-AF17-A697664ECFE9}.MinSizeRel|x64.Build.0 = MinSizeRel|x64
		{E17CDEE1-5BA2-3D92-AF17-A697664ECFE9}.RelWithDebInfo|x64.ActiveCfg = RelWithDebInfo|x64
		{E17CDEE1-5BA2-3D92-AF17-A697664ECFE9}.RelWithDebInfo|x64.Build.0 = RelWithDebInfo|x64
		{3076C41C-9D43-3101-9E5E-AB0B732CDDBD}.Debug|x64.ActiveCfg = Debug|x64
		{3076C41C-9D43-3101-9E5E-AB0B732CDDBD}.Release|x64.ActiveCfg = Release|x64
		{3076C41C-9D43-3101-9E5E-AB0B732CDDBD}.MinSizeRel|x64.ActiveCfg = MinSizeRel|x64
		{3076C41C-9D43-3101-9E5E-AB0B732CDDBD}.RelWithDebInfo|x64.ActiveCfg = RelWithDebInfo|x64
		{8A3D554E-C7FD-302B-836F-B1822A443C58}.Debug|x64.ActiveCfg = Debug|x64
		{8A3D554E-C7FD-302B-836F-B1822A443C58}.Debug|x64.Build.0 = Debug|x64
		{8A3D554E-C7FD-302B-836F-B1822A443C58}.Release|x64.ActiveCfg = Release|x64
		{8A3D554E-C7FD-302B-836F-B1822A443C58}.Release|x64.Build.0 = Release|x64
		{8A3D554E-C7FD-302B-836F-B1822A443C58}.MinSizeRel|x64.ActiveCfg = MinSizeRel|x64
		{8A3D554E-C7FD-302B-836F-B1822A443C58}.MinSizeRel|x64.Build.0 = MinSizeRel|x64
		{8A3D554E-C7FD-302B-836F-B1822A443C58}.RelWithDebInfo|x64.ActiveCfg = RelWithDebInfo|x64
		{8A3D554E-C7FD-302B-836F-B1822A443C58}.RelWithDebInfo|x64.Build.0 = RelWithDebInfo|x64
		{E07C1A50-9E30-3C86-A80D-D5E7454C57A3}.Debug|x64.ActiveCfg = Debug|x64
		{E07C1A50-9E30-3C86-A80D-D5E7454C57A3}.Debug|x64.Build.0 = Debug|x64
		{E07C1A50-9E30-3C86-A80D-D5E7454C57A3}.Release|x64.ActiveCfg = Release|x64
		{E07C1A50-9E30-3C86-A80D-D5E7454C57A3}.Release|x64.Build.0 = Release|x64
		{E07C1A50-9E30-3C86-A80D-D5E7454C57A3}.MinSizeRel|x64.ActiveCfg = MinSizeRel|x64
		{E07C1A50-9E30-3C86-A80D-D5E7454C57A3}.MinSizeRel|x64.Build.0 = MinSizeRel|x64
		{E07C1A50-9E30-3C86-A80D-D5E7454C57A3}.RelWithDebInfo|x64.ActiveCfg = RelWithDebInfo|x64
		{E07C1A50-9E30-3C86-A80D-D5E7454C57A3}.RelWithDebInfo|x64.Build.0 = RelWithDebInfo|x64
	EndGlobalSection
	GlobalSection(ExtensibilityGlobals) = postSolution
		SolutionGuid = {ECFBECDD-DDC9-3BB0-B73E-510360816534}
	EndGlobalSection
	GlobalSection(ExtensibilityAddIns) = postSolution
	EndGlobalSection
EndGlobal
